<?xml version="1.0" encoding="utf-8"?>
<Project ToolsVersion="4.0" xmlns="http://schemas.microsoft.com/developer/msbuild/2003">
  <ItemGroup>
    <Filter Include="game">
      <UniqueIdentifier>{a1bc6bd9-3737-4b40-97ac-b7e174066de5}</UniqueIdentifier>
    </Filter>
    <Filter Include="Core">
      <UniqueIdentifier>{4FC737F1-C7A5-4376-A066-2A32D752A2FF}</UniqueIdentifier>
    </Filter>
    <Filter Include="Core\Application">
      <UniqueIdentifier>{717a63f7-c8dd-43bd-9c63-dc742a99c2f5}</UniqueIdentifier>
    </Filter>
    <Filter Include="Core\Events">
      <UniqueIdentifier>{03afe76d-41f1-463f-9ee1-af635178bd37}</UniqueIdentifier>
    </Filter>
    <Filter Include="Core\Font">
      <UniqueIdentifier>{f2ce259f-6fc8-417f-ac2b-8139ea41eeb5}</UniqueIdentifier>
    </Filter>
    <Filter Include="Core\Scene">
      <UniqueIdentifier>{ce1fda76-6c9a-4aeb-83f0-c39d580161bf}</UniqueIdentifier>
    </Filter>
    <Filter Include="Core\Sound">
      <UniqueIdentifier>{d67195a2-e9cb-4c2a-8f10-ea57c9d4268e}</UniqueIdentifier>
    </Filter>
    <Filter Include="Core\Animation">
      <UniqueIdentifier>{ad415c5c-f485-41e6-9684-63c48cc27eaf}</UniqueIdentifier>
    </Filter>
    <Filter Include="game\items">
      <UniqueIdentifier>{d7e9c625-52e1-4d75-ae36-0fb1aa597991}</UniqueIdentifier>
    </Filter>
    <Filter Include="game\scenes">
      <UniqueIdentifier>{7BA4E9C2-8D6F-4E1A-9F3B-1C5A7D8E4F9A}</UniqueIdentifier>
    </Filter>
    <Filter Include="game\entities">
      <UniqueIdentifier>{516089e0-2fb4-44f3-82ea-205d8a8f2494}</UniqueIdentifier>
    </Filter>
    <Filter Include="constants">
      <UniqueIdentifier>{bc7e80b7-cd5e-4a76-8d8e-7bcc09f92f10}</UniqueIdentifier>
    </Filter>
    <Filter Include="Platform">
      <UniqueIdentifier>{863058de-c5f9-4a2a-9835-d8cf4cbed3d0}</UniqueIdentifier>
    </Filter>
    <Filter Include="Platform\Desktop">
      <UniqueIdentifier>{aed3eebb-edff-42ec-8ac9-dadf716bbd86}</UniqueIdentifier>
    </Filter>
    <Filter Include="Platform\Web">
      <UniqueIdentifier>{fd81d862-eb36-45e1-81e4-b1b802ed3566}</UniqueIdentifier>
    </Filter>
    <Filter Include="Core\UI">
      <UniqueIdentifier>{b5f6e8a1-9c3d-4f7e-a2d1-8e9f0c1b2a3d}</UniqueIdentifier>
    </Filter>
  </ItemGroup>
  <ItemGroup>
    <ClCompile Include="main.cpp" />
    <ClCompile Include="LoadingScene.cpp">
      <Filter>game\scenes</Filter>
    </ClCompile>
    <ClCompile Include="Sprite.cpp" />
    <ClCompile Include="MainMenuScene.cpp">
      <Filter>game\scenes</Filter>
    </ClCompile>
    <ClCompile Include="ExitGameScene.cpp">
      <Filter>game\scenes</Filter>
    </ClCompile>
    <ClCompile Include="TestScene.cpp">
      <Filter>game\scenes</Filter>
    </ClCompile>
    <ClCompile Include="player.cpp">
      <Filter>game\entities</Filter>
    </ClCompile>
    <ClCompile Include="entity.cpp">
      <Filter>game\entities</Filter>
    </ClCompile>
    <ClCompile Include="MapIDs.h">
      <Filter>constants</Filter>
    </ClCompile>
    <ClCompile Include="CMap.cpp">
      <Filter>game</Filter>
    </ClCompile>
    <ClCompile Include="MainGameScene.cpp">
      <Filter>game\scenes</Filter>
    </ClCompile>
    <ClCompile Include="CharacterSelectionScene.cpp">
      <Filter>game\scenes</Filter>
    </ClCompile>
    <ClCompile Include="CreateCharacterScene.cpp">
      <Filter>game\scenes</Filter>
    </ClCompile>
    <ClCompile Include="Application.cpp">
      <Filter>Core\Application</Filter>
    </ClCompile>
    <ClCompile Include="Window.cpp">
      <Filter>Core\Application</Filter>
    </ClCompile>
    <ClCompile Include="FontSystem.cpp">
      <Filter>Core\Font</Filter>
    </ClCompile>
    <ClCompile Include="Scene.cpp">
      <Filter>Core\Scene</Filter>
    </ClCompile>
    <ClCompile Include="Game.cpp">
      <Filter>game</Filter>
    </ClCompile>
    <ClCompile Include="Platform\Desktop\DesktopCursorManager.cpp">
      <Filter>Platform\Desktop</Filter>
    </ClCompile>
    <ClCompile Include="Platform\Desktop\DesktopInputTranslator.cpp">
      <Filter>Platform\Desktop</Filter>
    </ClCompile>
    <ClCompile Include="Platform\Desktop\DesktopPlatform.cpp">
      <Filter>Platform\Desktop</Filter>
    </ClCompile>
    <ClCompile Include="Platform\Desktop\DesktopPlatformInfo.cpp">
      <Filter>Platform\Desktop</Filter>
    </ClCompile>
    <ClCompile Include="Platform\Desktop\DesktopTimerService.cpp">
      <Filter>Platform\Desktop</Filter>
    </ClCompile>
    <ClCompile Include="Platform\PlatformFactory.cpp">
      <Filter>Platform</Filter>
    </ClCompile>
    <ClCompile Include="Platform\Web\WebCursorManager.cpp">
      <Filter>Platform\Web</Filter>
    </ClCompile>
    <ClCompile Include="Platform\Web\WebInputTranslator.cpp">
      <Filter>Platform\Web</Filter>
    </ClCompile>
    <ClCompile Include="Platform\Web\WebPlatform.cpp">
      <Filter>Platform\Web</Filter>
    </ClCompile>
    <ClCompile Include="Platform\Web\WebPlatformInfo.cpp">
      <Filter>Platform\Web</Filter>
    </ClCompile>
    <ClCompile Include="Platform\Web\WebTimerService.cpp">
      <Filter>Platform\Web</Filter>
    </ClCompile>
  </ItemGroup>
  <ItemGroup>
    <ClInclude Include="LoadingScene.h">
      <Filter>game\scenes</Filter>
    </ClInclude>
    <ClInclude Include="global_constants.h">
      <Filter>constants</Filter>
    </ClInclude>
    <ClInclude Include="Sprite.h" />
    <ClInclude Include="SpriteIDs.h">
      <Filter>constants</Filter>
    </ClInclude>
    <ClInclude Include="MainMenuScene.h">
      <Filter>game\scenes</Filter>
    </ClInclude>
    <ClInclude Include="Scenes.h">
      <Filter>game\scenes</Filter>
    </ClInclude>
    <ClInclude Include="FontIDs.h">
      <Filter>constants</Filter>
    </ClInclude>
    <ClInclude Include="MusicIDs.h">
      <Filter>constants</Filter>
    </ClInclude>
    <ClInclude Include="SoundIDs.h">
      <Filter>constants</Filter>
    </ClInclude>
    <ClInclude Include="ExitGameScene.h">
      <Filter>game\scenes</Filter>
    </ClInclude>
    <ClInclude Include="Colors.h">
      <Filter>constants</Filter>
    </ClInclude>
    <ClInclude Include="TestScene.h">
      <Filter>game\scenes</Filter>
    </ClInclude>
    <ClInclude Include="player.h">
      <Filter>game\entities</Filter>
    </ClInclude>
    <ClInclude Include="entity.h">
      <Filter>game\entities</Filter>
    </ClInclude>
    <ClInclude Include="entities.h">
      <Filter>game\entities</Filter>
    </ClInclude>
    <ClInclude Include="EntityGUID.h">
      <Filter>game\entities</Filter>
    </ClInclude>
    <ClInclude Include="EntityManager.h">
      <Filter>game\entities</Filter>
    </ClInclude>
    <ClInclude Include="StaticEntityManager.h">
      <Filter>game\entities</Filter>
    </ClInclude>
    <ClInclude Include="CMap.h">
      <Filter>game</Filter>
    </ClInclude>
    <ClInclude Include="IDs.h">
      <Filter>constants</Filter>
    </ClInclude>
    <ClInclude Include="ItemMetadata.h">
      <Filter>game\items</Filter>
    </ClInclude>
    <ClInclude Include="MainGameScene.h">
      <Filter>game\scenes</Filter>
    </ClInclude>
    <ClInclude Include="CharacterSelectionScene.h">
      <Filter>game\scenes</Filter>
    </ClInclude>
    <ClInclude Include="CreateCharacterScene.h">
      <Filter>game\scenes</Filter>
    </ClInclude>
    <ClInclude Include="Application.h">
      <Filter>Core\Application</Filter>
    </ClInclude>
    <ClInclude Include="ApplicationLayer.h">
      <Filter>Core\Application</Filter>
    </ClInclude>
    <ClInclude Include="Window.h">
      <Filter>Core\Application</Filter>
    </ClInclude>
    <ClInclude Include="FontSystem.h">
      <Filter>Core\Font</Filter>
    </ClInclude>
    <ClInclude Include="SceneManager.h">
      <Filter>Core\Scene</Filter>
    </ClInclude>
    <ClInclude Include="Scene.h">
      <Filter>Core\Scene</Filter>
    </ClInclude>
    <ClInclude Include="SoundPlayer.h">
      <Filter>Core\Sound</Filter>
    </ClInclude>
    <ClInclude Include="Animation.h">
      <Filter>Core\Animation</Filter>
    </ClInclude>
    <ClInclude Include="Event.h">
      <Filter>Core\Events</Filter>
    </ClInclude>
    <ClInclude Include="ApplicationEvents.h">
      <Filter>Core\Application</Filter>
    </ClInclude>
    <ClInclude Include="WindowEvents.h">
      <Filter>Core\Application</Filter>
    </ClInclude>
    <ClInclude Include="Game.h">
      <Filter>game</Filter>
    </ClInclude>
    <ClInclude Include="GameEvents.h">
      <Filter>game</Filter>
    </ClInclude>
    <ClInclude Include="Platform\Desktop\DesktopCursorManager.h">
      <Filter>Platform\Desktop</Filter>
    </ClInclude>
    <ClInclude Include="Platform\Desktop\DesktopInputTranslator.h">
      <Filter>Platform\Desktop</Filter>
    </ClInclude>
    <ClInclude Include="Platform\Desktop\DesktopPlatform.h">
      <Filter>Platform\Desktop</Filter>
    </ClInclude>
    <ClInclude Include="Platform\Desktop\DesktopPlatformInfo.h">
      <Filter>Platform\Desktop</Filter>
    </ClInclude>
    <ClInclude Include="Platform\Desktop\DesktopTimerService.h">
      <Filter>Platform\Desktop</Filter>
    </ClInclude>
    <ClInclude Include="Platform\ITimerService.h">
      <Filter>Platform</Filter>
    </ClInclude>
    <ClInclude Include="Platform\ICursorManager.h">
      <Filter>Platform</Filter>
    </ClInclude>
    <ClInclude Include="Platform\IInputTranslator.h">
      <Filter>Platform</Filter>
    </ClInclude>
    <ClInclude Include="Platform\IPlatformInfo.h">
      <Filter>Platform</Filter>
    </ClInclude>
    <ClInclude Include="Platform\IPlatformServices.h">
      <Filter>Platform</Filter>
    </ClInclude>
    <ClInclude Include="Platform\PlatformFactory.h">
      <Filter>Platform</Filter>
    </ClInclude>
    <ClInclude Include="Platform\Web\WebCursorManager.h">
      <Filter>Platform\Web</Filter>
    </ClInclude>
    <ClInclude Include="Platform\Web\WebInputTranslator.h">
      <Filter>Platform\Web</Filter>
    </ClInclude>
    <ClInclude Include="Platform\Web\WebPlatform.h">
      <Filter>Platform\Web</Filter>
    </ClInclude>
    <ClInclude Include="Platform\Web\WebPlatformInfo.h">
      <Filter>Platform\Web</Filter>
    </ClInclude>
    <ClInclude Include="Platform\Web\WebTimerService.h">
      <Filter>Platform\Web</Filter>
    </ClInclude>
    <ClInclude Include="UI\Control.h">
      <Filter>Core\UI</Filter>
    </ClInclude>
    <ClInclude Include="UI\Button.h">
      <Filter>Core\UI</Filter>
    </ClInclude>
    <ClInclude Include="UI\InputBox.h">
      <Filter>Core\UI</Filter>
    </ClInclude>
    <ClInclude Include="UI\Label.h">
      <Filter>Core\UI</Filter>
    </ClInclude>
    <ClInclude Include="UI\ScissorStack.h">
      <Filter>Core\UI</Filter>
    </ClInclude>
    <ClInclude Include="UI\ToggleButton.h">
      <Filter>Core\UI</Filter>
    </ClInclude>
  </ItemGroup>
  <ItemGroup>
    <ClCompile Include="UI\Control.cpp">
      <Filter>Core\UI</Filter>
    </ClCompile>
    <ClCompile Include="UI\Button.cpp">
      <Filter>Core\UI</Filter>
    </ClCompile>
    <ClCompile Include="UI\InputBox.cpp">
      <Filter>Core\UI</Filter>
    </ClCompile>
    <ClCompile Include="UI\Label.cpp">
      <Filter>Core\UI</Filter>
    </ClCompile>
    <ClCompile Include="UI\ToggleButton.cpp">
      <Filter>Core\UI</Filter>
    </ClCompile>
  </ItemGroup>
</Project>