<?xml version="1.0" encoding="utf-8"?>
<Project ToolsVersion="4.0" xmlns="http://schemas.microsoft.com/developer/msbuild/2003">
  <ItemGroup>
    <Filter Include="core">
      <UniqueIdentifier>{4FC737F1-C7A5-4376-A066-2A32D752A2FF}</UniqueIdentifier>
    </Filter>
  </ItemGroup>
  <ItemGroup>
    <ClCompile Include="main.cpp" />
    <ClCompile Include="core\Application.cpp">
      <Filter>core</Filter>
    </ClCompile>
    <ClCompile Include="core\Font.cpp">
      <Filter>core</Filter>
    </ClCompile>
    <ClCompile Include="core\Layer.cpp">
      <Filter>core</Filter>
    </ClCompile>
    <ClCompile Include="core\Scene.cpp">
      <Filter>core</Filter>
    </ClCompile>
    <ClCompile Include="core\Window.cpp">
      <Filter>core</Filter>
    </ClCompile>
    <ClCompile Include="Game.cpp" />
    <ClCompile Include="Helbreath.cpp" />
  </ItemGroup>
  <ItemGroup>
    <ClInclude Include="core\Application.h">
      <Filter>core</Filter>
    </ClInclude>
    <ClInclude Include="core\Dependency.h">
      <Filter>core</Filter>
    </ClInclude>
    <ClInclude Include="core\Event.h">
      <Filter>core</Filter>
    </ClInclude>
    <ClInclude Include="core\Font.h">
      <Filter>core</Filter>
    </ClInclude>
    <ClInclude Include="core\Layer.h">
      <Filter>core</Filter>
    </ClInclude>
    <ClInclude Include="core\Scene.h">
      <Filter>core</Filter>
    </ClInclude>
    <ClInclude Include="core\Window.h">
      <Filter>core</Filter>
    </ClInclude>
    <ClInclude Include="Game.h" />
    <ClInclude Include="Helbreath.h" />
  </ItemGroup>
</Project>